
Microsoft Visual Studio Solution File, Format Version 12.00
# Visual Studio Version 16
VisualStudioVersion = 16.0.31112.23
MinimumVisualStudioVersion = 10.0.40219.1
Project("{FAE04EC0-301F-11D3-BF4B-00C04F79EFBC}") = "Aletta's Kitchen", "Aletta's Kitchen.csproj", "{64FDFDE8-498D-42B2-A449-A7961F6A4D51}"
EndProject
Global
	GlobalSection(SolutionConfigurationPlatforms) = preSolution
		Debug|Any CPU = Debug|Any CPU
		Release|Any CPU = Release|Any CPU
	EndGlobalSection
	GlobalSection(ProjectConfigurationPlatforms) = postSolution
		{64FDFDE8-498D-42B2-A449-A7961F6A4D51}.Debug|Any CPU.ActiveCfg = Debug|Any CPU
		{64FDFDE8-498D-42B2-A449-A7961F6A4D51}.Debug|Any CPU.Build.0 = Debug|Any CPU
		{64FDFDE8-498D-42B2-A449-A7961F6A4D51}.Release|Any CPU.ActiveCfg = Release|Any CPU
		{64FDFDE8-498D-42B2-A449-A7961F6A4D51}.Release|Any CPU.Build.0 = Release|Any CPU
	EndGlobalSection
	GlobalSection(SolutionProperties) = preSolution
		HideSolutionNode = FALSE
	EndGlobalSection
	GlobalSection(ExtensibilityGlobals) = postSolution
		SolutionGuid = {3323122D-603A-406B-9DA4-5BEC75C5184E}
	EndGlobalSection
EndGlobal
