
Microsoft Visual Studio Solution File, Format Version 12.00
# Visual Studio Version 16
VisualStudioVersion = 16.0.30804.86
MinimumVisualStudioVersion = 10.0.40219.1
Project("{9A19103F-16F7-4668-BE54-9A1E7A4F7556}") = "AlettasWasm", "AlettasWasm.csproj", "{A1E0C86D-2924-46B6-A70E-11374212F340}"
EndProject
Global
	GlobalSection(SolutionConfigurationPlatforms) = preSolution
		Debug|Any CPU = Debug|Any CPU
		Release|Any CPU = Release|Any CPU
	EndGlobalSection
	GlobalSection(ProjectConfigurationPlatforms) = postSolution
		{A1E0C86D-2924-46B6-A70E-11374212F340}.Debug|Any CPU.ActiveCfg = Debug|Any CPU
		{A1E0C86D-2924-46B6-A70E-11374212F340}.Debug|Any CPU.Build.0 = Debug|Any CPU
		{A1E0C86D-2924-46B6-A70E-11374212F340}.Release|Any CPU.ActiveCfg = Release|Any CPU
		{A1E0C86D-2924-46B6-A70E-11374212F340}.Release|Any CPU.Build.0 = Release|Any CPU
	EndGlobalSection
	GlobalSection(SolutionProperties) = preSolution
		HideSolutionNode = FALSE
	EndGlobalSection
	GlobalSection(ExtensibilityGlobals) = postSolution
		SolutionGuid = {C84A4CEB-7FF0-4038-903F-0D88351DABBD}
	EndGlobalSection
EndGlobal
